# This file is automatically @generated by Cargo.
# It is not intended for manual editing.
[[package]]
name = "ahash"
version = "0.3.8"
source = "registry+https://github.com/rust-lang/crates.io-index"
dependencies = [
 "const-random 0.1.8 (registry+https://github.com/rust-lang/crates.io-index)",
]

[[package]]
name = "bubble_server"
version = "0.1.0"
dependencies = [
 "dashmap 3.11.4 (registry+https://github.com/rust-lang/crates.io-index)",
 "log 0.4.8 (registry+https://github.com/rust-lang/crates.io-index)",
]

[[package]]
name = "cfg-if"
version = "0.1.10"
source = "registry+https://github.com/rust-lang/crates.io-index"

[[package]]
name = "const-random"
version = "0.1.8"
source = "registry+https://github.com/rust-lang/crates.io-index"
dependencies = [
 "const-random-macro 0.1.8 (registry+https://github.com/rust-lang/crates.io-index)",
 "proc-macro-hack 0.5.16 (registry+https://github.com/rust-lang/crates.io-index)",
]

[[package]]
name = "const-random-macro"
version = "0.1.8"
source = "registry+https://github.com/rust-lang/crates.io-index"
dependencies = [
 "getrandom 0.1.14 (registry+https://github.com/rust-lang/crates.io-index)",
 "proc-macro-hack 0.5.16 (registry+https://github.com/rust-lang/crates.io-index)",
]

[[package]]
name = "dashmap"
version = "3.11.4"
source = "registry+https://github.com/rust-lang/crates.io-index"
dependencies = [
 "ahash 0.3.8 (registry+https://github.com/rust-lang/crates.io-index)",
 "cfg-if 0.1.10 (registry+https://github.com/rust-lang/crates.io-index)",
 "num_cpus 1.13.0 (registry+https://github.com/rust-lang/crates.io-index)",
]

[[package]]
name = "getrandom"
version = "0.1.14"
source = "registry+https://github.com/rust-lang/crates.io-index"
dependencies = [
 "cfg-if 0.1.10 (registry+https://github.com/rust-lang/crates.io-index)",
 "libc 0.2.71 (registry+https://github.com/rust-lang/crates.io-index)",
 "wasi 0.9.0+wasi-snapshot-preview1 (registry+https://github.com/rust-lang/crates.io-index)",
]

[[package]]
name = "hermit-abi"
version = "0.1.14"
source = "registry+https://github.com/rust-lang/crates.io-index"
dependencies = [
 "libc 0.2.71 (registry+https://github.com/rust-lang/crates.io-index)",
]

[[package]]
name = "libc"
version = "0.2.71"
source = "registry+https://github.com/rust-lang/crates.io-index"

[[package]]
name = "log"
version = "0.4.8"
source = "registry+https://github.com/rust-lang/crates.io-index"
dependencies = [
 "cfg-if 0.1.10 (registry+https://github.com/rust-lang/crates.io-index)",
 "serde 1.0.111 (registry+https://github.com/rust-lang/crates.io-index)",
]

[[package]]
name = "num_cpus"
version = "1.13.0"
source = "registry+https://github.com/rust-lang/crates.io-index"
dependencies = [
 "hermit-abi 0.1.14 (registry+https://github.com/rust-lang/crates.io-index)",
 "libc 0.2.71 (registry+https://github.com/rust-lang/crates.io-index)",
]

[[package]]
name = "proc-macro-hack"
version = "0.5.16"
source = "registry+https://github.com/rust-lang/crates.io-index"

[[package]]
name = "serde"
version = "1.0.111"
source = "registry+https://github.com/rust-lang/crates.io-index"

[[package]]
name = "wasi"
version = "0.9.0+wasi-snapshot-preview1"
source = "registry+https://github.com/rust-lang/crates.io-index"

[metadata]
"checksum ahash 0.3.8 (registry+https://github.com/rust-lang/crates.io-index)" = "e8fd72866655d1904d6b0997d0b07ba561047d070fbe29de039031c641b61217"
"checksum cfg-if 0.1.10 (registry+https://github.com/rust-lang/crates.io-index)" = "4785bdd1c96b2a846b2bd7cc02e86b6b3dbf14e7e53446c4f54c92a361040822"
"checksum const-random 0.1.8 (registry+https://github.com/rust-lang/crates.io-index)" = "2f1af9ac737b2dd2d577701e59fd09ba34822f6f2ebdb30a7647405d9e55e16a"
"checksum const-random-macro 0.1.8 (registry+https://github.com/rust-lang/crates.io-index)" = "25e4c606eb459dd29f7c57b2e0879f2b6f14ee130918c2b78ccb58a9624e6c7a"
"checksum dashmap 3.11.4 (registry+https://github.com/rust-lang/crates.io-index)" = "8cfcd41ae02d60edded204341d2798ba519c336c51a37330aa4b98a1128def32"
"checksum getrandom 0.1.14 (registry+https://github.com/rust-lang/crates.io-index)" = "7abc8dd8451921606d809ba32e95b6111925cd2906060d2dcc29c070220503eb"
"checksum hermit-abi 0.1.14 (registry+https://github.com/rust-lang/crates.io-index)" = "b9586eedd4ce6b3c498bc3b4dd92fc9f11166aa908a914071953768066c67909"
"checksum libc 0.2.71 (registry+https://github.com/rust-lang/crates.io-index)" = "9457b06509d27052635f90d6466700c65095fdf75409b3fbdd903e988b886f49"
"checksum log 0.4.8 (registry+https://github.com/rust-lang/crates.io-index)" = "14b6052be84e6b71ab17edffc2eeabf5c2c3ae1fdb464aae35ac50c67a44e1f7"
"checksum num_cpus 1.13.0 (registry+https://github.com/rust-lang/crates.io-index)" = "05499f3756671c15885fee9034446956fff3f243d6077b91e5767df161f766b3"
"checksum proc-macro-hack 0.5.16 (registry+https://github.com/rust-lang/crates.io-index)" = "7e0456befd48169b9f13ef0f0ad46d492cf9d2dbb918bcf38e01eed4ce3ec5e4"
"checksum serde 1.0.111 (registry+https://github.com/rust-lang/crates.io-index)" = "c9124df5b40cbd380080b2cc6ab894c040a3070d995f5c9dc77e18c34a8ae37d"
"checksum wasi 0.9.0+wasi-snapshot-preview1 (registry+https://github.com/rust-lang/crates.io-index)" = "cccddf32554fecc6acb585f82a32a72e28b48f8c4c1883ddfeeeaa96f7d8e519"
